
Microsoft Visual Studio Solution File, Format Version 12.00
# Visual Studio Version 16
VisualStudioVersion = 16.0.30413.136
MinimumVisualStudioVersion = 10.0.40219.1
Project("{FAE04EC0-301F-11D3-BF4B-00C04F79EFBC}") = "AddBorder", "AddBorder\AddBorder.csproj", "{5F6D61B6-CBA4-428F-9F25-8A482002CBBD}"
EndProject
Global
	GlobalSection(SolutionConfigurationPlatforms) = preSolution
		Debug|Any CPU = Debug|Any CPU
		Release|Any CPU = Release|Any CPU
	EndGlobalSection
	GlobalSection(ProjectConfigurationPlatforms) = postSolution
		{5F6D61B6-CBA4-428F-9F25-8A482002CBBD}.Debug|Any CPU.ActiveCfg = Debug|Any CPU
		{5F6D61B6-CBA4-428F-9F25-8A482002CBBD}.Debug|Any CPU.Build.0 = Debug|Any CPU
		{5F6D61B6-CBA4-428F-9F25-8A482002CBBD}.Release|Any CPU.ActiveCfg = Release|Any CPU
		{5F6D61B6-CBA4-428F-9F25-8A482002CBBD}.Release|Any CPU.Build.0 = Release|Any CPU
	EndGlobalSection
	GlobalSection(SolutionProperties) = preSolution
		HideSolutionNode = FALSE
	EndGlobalSection
	GlobalSection(ExtensibilityGlobals) = postSolution
		SolutionGuid = {7CBD8618-08E3-4D38-B5E8-BF8EE75DA7B6}
	EndGlobalSection
EndGlobal
